// !$*UTF8*$!
{
	archiveVersion = 1;
	classes = {
	};
	objectVersion = 46;
	objects = {

/* Begin PBXBuildFile section */
		9515763D19B720510051A167 /* AppDelegate.swift in Sources */ = {isa = PBXBuildFile; fileRef = 9515763C19B720510051A167 /* AppDelegate.swift */; };
		9515764019B720510051A167 /* DemoCoreData02.xcdatamodeld in Sources */ = {isa = PBXBuildFile; fileRef = 9515763E19B720510051A167 /* DemoCoreData02.xcdatamodeld */; };
		9515764219B720510051A167 /* ViewController.swift in Sources */ = {isa = PBXBuildFile; fileRef = 9515764119B720510051A167 /* ViewController.swift */; };
		9515764519B720510051A167 /* Main.storyboard in Resources */ = {isa = PBXBuildFile; fileRef = 9515764319B720510051A167 /* Main.storyboard */; };
		9515764719B720510051A167 /* Images.xcassets in Resources */ = {isa = PBXBuildFile; fileRef = 9515764619B720510051A167 /* Images.xcassets */; };
		9515765319B720510051A167 /* DemoCoreData02Tests.swift in Sources */ = {isa = PBXBuildFile; fileRef = 9515765219B720510051A167 /* DemoCoreData02Tests.swift */; };
/* End PBXBuildFile section */

/* Begin PBXContainerItemProxy section */
		9515764D19B720510051A167 /* PBXContainerItemProxy */ = {
			isa = PBXContainerItemProxy;
			containerPortal = 9515762F19B720510051A167 /* Project object */;
			proxyType = 1;
			remoteGlobalIDString = 9515763619B720510051A167;
			remoteInfo = DemoCoreData02;
		};
/* End PBXContainerItemProxy section */

/* Begin PBXFileReference section */
		9515763719B720510051A167 /* DemoCoreData02.app */ = {isa = PBXFileReference; explicitFileType = wrapper.application; includeInIndex = 0; path = DemoCoreData02.app; sourceTree = BUILT_PRODUCTS_DIR; };
		9515763B19B720510051A167 /* Info.plist */ = {isa = PBXFileReference; lastKnownFileType = text.plist.xml; path = Info.plist; sourceTree = "<group>"; };
		9515763C19B720510051A167 /* AppDelegate.swift */ = {isa = PBXFileReference; lastKnownFileType = sourcecode.swift; path = AppDelegate.swift; sourceTree = "<group>"; };
		9515763F19B720510051A167 /* DemoCoreData02.xcdatamodel */ = {isa = PBXFileReference; lastKnownFileType = wrapper.xcdatamodel; path = DemoCoreData02.xcdatamodel; sourceTree = "<group>"; };
		9515764119B720510051A167 /* ViewController.swift */ = {isa = PBXFileReference; lastKnownFileType = sourcecode.swift; path = ViewController.swift; sourceTree = "<group>"; };
		9515764419B720510051A167 /* Base */ = {isa = PBXFileReference; lastKnownFileType = file.storyboard; name = Base; path = Base.lproj/Main.storyboard; sourceTree = "<group>"; };
		9515764619B720510051A167 /* Images.xcassets */ = {isa = PBXFileReference; lastKnownFileType = folder.assetcatalog; path = Images.xcassets; sourceTree = "<group>"; };
		9515764C19B720510051A167 /* DemoCoreData02Tests.xctest */ = {isa = PBXFileReference; explicitFileType = wrapper.cfbundle; includeInIndex = 0; path = DemoCoreData02Tests.xctest; sourceTree = BUILT_PRODUCTS_DIR; };
		9515765119B720510051A167 /* Info.plist */ = {isa = PBXFileReference; lastKnownFileType = text.plist.xml; path = Info.plist; sourceTree = "<group>"; };
		9515765219B720510051A167 /* DemoCoreData02Tests.swift */ = {isa = PBXFileReference; lastKnownFileType = sourcecode.swift; path = DemoCoreData02Tests.swift; sourceTree = "<group>"; };
/* End PBXFileReference section */

/* Begin PBXFrameworksBuildPhase section */
		9515763419B720510051A167 /* Frameworks */ = {
			isa = PBXFrameworksBuildPhase;
			buildActionMask = 2147483647;
			files = (
			);
			runOnlyForDeploymentPostprocessing = 0;
		};
		9515764919B720510051A167 /* Frameworks */ = {
			isa = PBXFrameworksBuildPhase;
			buildActionMask = 2147483647;
			files = (
			);
			runOnlyForDeploymentPostprocessing = 0;
		};
/* End PBXFrameworksBuildPhase section */

/* Begin PBXGroup section */
		9515762E19B720510051A167 = {
			isa = PBXGroup;
			children = (
				9515763919B720510051A167 /* DemoCoreData02 */,
				9515764F19B720510051A167 /* DemoCoreData02Tests */,
				9515763819B720510051A167 /* Products */,
			);
			sourceTree = "<group>";
		};
		9515763819B720510051A167 /* Products */ = {
			isa = PBXGroup;
			children = (
				9515763719B720510051A167 /* DemoCoreData02.app */,
				9515764C19B720510051A167 /* DemoCoreData02Tests.xctest */,
			);
			name = Products;
			sourceTree = "<group>";
		};
		9515763919B720510051A167 /* DemoCoreData02 */ = {
			isa = PBXGroup;
			children = (
				9515763C19B720510051A167 /* AppDelegate.swift */,
				9515764119B720510051A167 /* ViewController.swift */,
				9515764319B720510051A167 /* Main.storyboard */,
				9515764619B720510051A167 /* Images.xcassets */,
				9515763E19B720510051A167 /* DemoCoreData02.xcdatamodeld */,
				9515763A19B720510051A167 /* Supporting Files */,
			);
			path = DemoCoreData02;
			sourceTree = "<group>";
		};
		9515763A19B720510051A167 /* Supporting Files */ = {
			isa = PBXGroup;
			children = (
				9515763B19B720510051A167 /* Info.plist */,
			);
			name = "Supporting Files";
			sourceTree = "<group>";
		};
		9515764F19B720510051A167 /* DemoCoreData02Tests */ = {
			isa = PBXGroup;
			children = (
				9515765219B720510051A167 /* DemoCoreData02Tests.swift */,
				9515765019B720510051A167 /* Supporting Files */,
			);
			path = DemoCoreData02Tests;
			sourceTree = "<group>";
		};
		9515765019B720510051A167 /* Supporting Files */ = {
			isa = PBXGroup;
			children = (
				9515765119B720510051A167 /* Info.plist */,
			);
			name = "Supporting Files";
			sourceTree = "<group>";
		};
/* End PBXGroup section */

/* Begin PBXNativeTarget section */
		9515763619B720510051A167 /* DemoCoreData02 */ = {
			isa = PBXNativeTarget;
			buildConfigurationList = 9515765619B720510051A167 /* Build configuration list for PBXNativeTarget "DemoCoreData02" */;
			buildPhases = (
				9515763319B720510051A167 /* Sources */,
				9515763419B720510051A167 /* Frameworks */,
				9515763519B720510051A167 /* Resources */,
			);
			buildRules = (
			);
			dependencies = (
			);
			name = DemoCoreData02;
			productName = DemoCoreData02;
			productReference = 9515763719B720510051A167 /* DemoCoreData02.app */;
			productType = "com.apple.product-type.application";
		};
		9515764B19B720510051A167 /* DemoCoreData02Tests */ = {
			isa = PBXNativeTarget;
			buildConfigurationList = 9515765919B720510051A167 /* Build configuration list for PBXNativeTarget "DemoCoreData02Tests" */;
			buildPhases = (
				9515764819B720510051A167 /* Sources */,
				9515764919B720510051A167 /* Frameworks */,
				9515764A19B720510051A167 /* Resources */,
			);
			buildRules = (
			);
			dependencies = (
				9515764E19B720510051A167 /* PBXTargetDependency */,
			);
			name = DemoCoreData02Tests;
			productName = DemoCoreData02Tests;
			productReference = 9515764C19B720510051A167 /* DemoCoreData02Tests.xctest */;
			productType = "com.apple.product-type.bundle.unit-test";
		};
/* End PBXNativeTarget section */

/* Begin PBXProject section */
		9515762F19B720510051A167 /* Project object */ = {
			isa = PBXProject;
			attributes = {
				LastUpgradeCheck = 0600;
				ORGANIZATIONNAME = "Tuan Ngo Manh";
				TargetAttributes = {
					9515763619B720510051A167 = {
						CreatedOnToolsVersion = 6.0;
					};
					9515764B19B720510051A167 = {
						CreatedOnToolsVersion = 6.0;
						TestTargetID = 9515763619B720510051A167;
					};
				};
			};
			buildConfigurationList = 9515763219B720510051A167 /* Build configuration list for PBXProject "DemoCoreData02" */;
			compatibilityVersion = "Xcode 3.2";
			developmentRegion = English;
			hasScannedForEncodings = 0;
			knownRegions = (
				en,
				Base,
			);
			mainGroup = 9515762E19B720510051A167;
			productRefGroup = 9515763819B720510051A167 /* Products */;
			projectDirPath = "";
			projectRoot = "";
			targets = (
				9515763619B720510051A167 /* DemoCoreData02 */,
				9515764B19B720510051A167 /* DemoCoreData02Tests */,
			);
		};
/* End PBXProject section */

/* Begin PBXResourcesBuildPhase section */
		9515763519B720510051A167 /* Resources */ = {
			isa = PBXResourcesBuildPhase;
			buildActionMask = 2147483647;
			files = (
				9515764519B720510051A167 /* Main.storyboard in Resources */,
				9515764719B720510051A167 /* Images.xcassets in Resources */,
			);
			runOnlyForDeploymentPostprocessing = 0;
		};
		9515764A19B720510051A167 /* Resources */ = {
			isa = PBXResourcesBuildPhase;
			buildActionMask = 2147483647;
			files = (
			);
			runOnlyForDeploymentPostprocessing = 0;
		};
/* End PBXResourcesBuildPhase section */

/* Begin PBXSourcesBuildPhase section */
		9515763319B720510051A167 /* Sources */ = {
			isa = PBXSourcesBuildPhase;
			buildActionMask = 2147483647;
			files = (
				9515764219B720510051A167 /* ViewController.swift in Sources */,
				9515763D19B720510051A167 /* AppDelegate.swift in Sources */,
				9515764019B720510051A167 /* DemoCoreData02.xcdatamodeld in Sources */,
			);
			runOnlyForDeploymentPostprocessing = 0;
		};
		9515764819B720510051A167 /* Sources */ = {
			isa = PBXSourcesBuildPhase;
			buildActionMask = 2147483647;
			files = (
				9515765319B720510051A167 /* DemoCoreData02Tests.swift in Sources */,
			);
			runOnlyForDeploymentPostprocessing = 0;
		};
/* End PBXSourcesBuildPhase section */

/* Begin PBXTargetDependency section */
		9515764E19B720510051A167 /* PBXTargetDependency */ = {
			isa = PBXTargetDependency;
			target = 9515763619B720510051A167 /* DemoCoreData02 */;
			targetProxy = 9515764D19B720510051A167 /* PBXContainerItemProxy */;
		};
/* End PBXTargetDependency section */

/* Begin PBXVariantGroup section */
		9515764319B720510051A167 /* Main.storyboard */ = {
			isa = PBXVariantGroup;
			children = (
				9515764419B720510051A167 /* Base */,
			);
			name = Main.storyboard;
			sourceTree = "<group>";
		};
/* End PBXVariantGroup section */

/* Begin XCBuildConfiguration section */
		9515765419B720510051A167 /* Debug */ = {
			isa = XCBuildConfiguration;
			buildSettings = {
				ALWAYS_SEARCH_USER_PATHS = NO;
				CLANG_CXX_LANGUAGE_STANDARD = "gnu++0x";
				CLANG_CXX_LIBRARY = "libc++";
				CLANG_ENABLE_MODULES = YES;
				CLANG_ENABLE_OBJC_ARC = YES;
				CLANG_WARN_BOOL_CONVERSION = YES;
				CLANG_WARN_CONSTANT_CONVERSION = YES;
				CLANG_WARN_DIRECT_OBJC_ISA_USAGE = YES_ERROR;
				CLANG_WARN_EMPTY_BODY = YES;
				CLANG_WARN_ENUM_CONVERSION = YES;
				CLANG_WARN_INT_CONVERSION = YES;
				CLANG_WARN_OBJC_ROOT_CLASS = YES_ERROR;
				CLANG_WARN_UNREACHABLE_CODE = YES;
				CLANG_WARN__DUPLICATE_METHOD_MATCH = YES;
				"CODE_SIGN_IDENTITY[sdk=iphoneos*]" = "iPhone Developer";
				COPY_PHASE_STRIP = NO;
				ENABLE_STRICT_OBJC_MSGSEND = YES;
				GCC_C_LANGUAGE_STANDARD = gnu99;
				GCC_DYNAMIC_NO_PIC = NO;
				GCC_OPTIMIZATION_LEVEL = 0;
				GCC_PREPROCESSOR_DEFINITIONS = (
					"DEBUG=1",
					"$(inherited)",
				);
				GCC_SYMBOLS_PRIVATE_EXTERN = NO;
				GCC_WARN_64_TO_32_BIT_CONVERSION = YES;
				GCC_WARN_ABOUT_RETURN_TYPE = YES_ERROR;
				GCC_WARN_UNDECLARED_SELECTOR = YES;
				GCC_WARN_UNINITIALIZED_AUTOS = YES_AGGRESSIVE;
				GCC_WARN_UNUSED_FUNCTION = YES;
				GCC_WARN_UNUSED_VARIABLE = YES;
				IPHONEOS_DEPLOYMENT_TARGET = 8.0;
				MTL_ENABLE_DEBUG_INFO = YES;
				ONLY_ACTIVE_ARCH = YES;
				SDKROOT = iphoneos;
				SWIFT_OPTIMIZATION_LEVEL = "-Onone";
			};
			name = Debug;
		};
		9515765519B720510051A167 /* Release */ = {
			isa = XCBuildConfiguration;
			buildSettings = {
				ALWAYS_SEARCH_USER_PATHS = NO;
				CLANG_CXX_LANGUAGE_STANDARD = "gnu++0x";
				CLANG_CXX_LIBRARY = "libc++";
				CLANG_ENABLE_MODULES = YES;
				CLANG_ENABLE_OBJC_ARC = YES;
				CLANG_WARN_BOOL_CONVERSION = YES;
				CLANG_WARN_CONSTANT_CONVERSION = YES;
				CLANG_WARN_DIRECT_OBJC_ISA_USAGE = YES_ERROR;
				CLANG_WARN_EMPTY_BODY = YES;
				CLANG_WARN_ENUM_CONVERSION = YES;
				CLANG_WARN_INT_CONVERSION = YES;
				CLANG_WARN_OBJC_ROOT_CLASS = YES_ERROR;
				CLANG_WARN_UNREACHABLE_CODE = YES;
				CLANG_WARN__DUPLICATE_METHOD_MATCH = YES;
				"CODE_SIGN_IDENTITY[sdk=iphoneos*]" = "iPhone Developer";
				COPY_PHASE_STRIP = YES;
				ENABLE_NS_ASSERTIONS = NO;
				ENABLE_STRICT_OBJC_MSGSEND = YES;
				GCC_C_LANGUAGE_STANDARD = gnu99;
				GCC_WARN_64_TO_32_BIT_CONVERSION = YES;
				GCC_WARN_ABOUT_RETURN_TYPE = YES_ERROR;
				GCC_WARN_UNDECLARED_SELECTOR = YES;
				GCC_WARN_UNINITIALIZED_AUTOS = YES_AGGRESSIVE;
				GCC_WARN_UNUSED_FUNCTION = YES;
				GCC_WARN_UNUSED_VARIABLE = YES;
				IPHONEOS_DEPLOYMENT_TARGET = 8.0;
				MTL_ENABLE_DEBUG_INFO = NO;
				SDKROOT = iphoneos;
				VALIDATE_PRODUCT = YES;
			};
			name = Release;
		};
		9515765719B720510051A167 /* Debug */ = {
			isa = XCBuildConfiguration;
			buildSettings = {
				ASSETCATALOG_COMPILER_APPICON_NAME = AppIcon;
				ASSETCATALOG_COMPILER_LAUNCHIMAGE_NAME = LaunchImage;
				INFOPLIST_FILE = DemoCoreData02/Info.plist;
				LD_RUNPATH_SEARCH_PATHS = "$(inherited) @executable_path/Frameworks";
				PRODUCT_NAME = "$(TARGET_NAME)";
			};
			name = Debug;
		};
		9515765819B720510051A167 /* Release */ = {
			isa = XCBuildConfiguration;
			buildSettings = {
				ASSETCATALOG_COMPILER_APPICON_NAME = AppIcon;
				ASSETCATALOG_COMPILER_LAUNCHIMAGE_NAME = LaunchImage;
				INFOPLIST_FILE = DemoCoreData02/Info.plist;
				LD_RUNPATH_SEARCH_PATHS = "$(inherited) @executable_path/Frameworks";
				PRODUCT_NAME = "$(TARGET_NAME)";
			};
			name = Release;
		};
		9515765A19B720510051A167 /* Debug */ = {
			isa = XCBuildConfiguration;
			buildSettings = {
				BUNDLE_LOADER = "$(TEST_HOST)";
				FRAMEWORK_SEARCH_PATHS = (
					"$(SDKROOT)/Developer/Library/Frameworks",
					"$(inherited)",
				);
				GCC_PREPROCESSOR_DEFINITIONS = (
					"DEBUG=1",
					"$(inherited)",
				);
				INFOPLIST_FILE = DemoCoreData02Tests/Info.plist;
				LD_RUNPATH_SEARCH_PATHS = "$(inherited) @executable_path/Frameworks @loader_path/Frameworks";
				PRODUCT_NAME = "$(TARGET_NAME)";
				TEST_HOST = "$(BUILT_PRODUCTS_DIR)/DemoCoreData02.app/DemoCoreData02";
			};
			name = Debug;
		};
		9515765B19B720510051A167 /* Release */ = {
			isa = XCBuildConfiguration;
			buildSettings = {
				BUNDLE_LOADER = "$(TEST_HOST)";
				FRAMEWORK_SEARCH_PATHS = (
					"$(SDKROOT)/Developer/Library/Frameworks",
					"$(inherited)",
				);
				INFOPLIST_FILE = DemoCoreData02Tests/Info.plist;
				LD_RUNPATH_SEARCH_PATHS = "$(inherited) @executable_path/Frameworks @loader_path/Frameworks";
				PRODUCT_NAME = "$(TARGET_NAME)";
				TEST_HOST = "$(BUILT_PRODUCTS_DIR)/DemoCoreData02.app/DemoCoreData02";
			};
			name = Release;
		};
/* End XCBuildConfiguration section */

/* Begin XCConfigurationList section */
		9515763219B720510051A167 /* Build configuration list for PBXProject "DemoCoreData02" */ = {
			isa = XCConfigurationList;
			buildConfigurations = (
				9515765419B720510051A167 /* Debug */,
				9515765519B720510051A167 /* Release */,
			);
			defaultConfigurationIsVisible = 0;
			defaultConfigurationName = Release;
		};
		9515765619B720510051A167 /* Build configuration list for PBXNativeTarget "DemoCoreData02" */ = {
			isa = XCConfigurationList;
			buildConfigurations = (
				9515765719B720510051A167 /* Debug */,
				9515765819B720510051A167 /* Release */,
			);
			defaultConfigurationIsVisible = 0;
		};
		9515765919B720510051A167 /* Build configuration list for PBXNativeTarget "DemoCoreData02Tests" */ = {
			isa = XCConfigurationList;
			buildConfigurations = (
				9515765A19B720510051A167 /* Debug */,
				9515765B19B720510051A167 /* Release */,
			);
			defaultConfigurationIsVisible = 0;
		};
/* End XCConfigurationList section */

/* Begin XCVersionGroup section */
		9515763E19B720510051A167 /* DemoCoreData02.xcdatamodeld */ = {
			isa = XCVersionGroup;
			children = (
				9515763F19B720510051A167 /* DemoCoreData02.xcdatamodel */,
			);
			currentVersion = 9515763F19B720510051A167 /* DemoCoreData02.xcdatamodel */;
			path = DemoCoreData02.xcdatamodeld;
			sourceTree = "<group>";
			versionGroupType = wrapper.xcdatamodel;
		};
/* End XCVersionGroup section */
	};
	rootObject = 9515762F19B720510051A167 /* Project object */;
}
